// !$*UTF8*$!
{
	archiveVersion = 1;
	classes = {
	};
	objectVersion = 46;
	objects = {

/* Begin PBXBuildFile section */
		1D96867B1C91E8B100C19193 /* AppDelegate.swift in Sources */ = {isa = PBXBuildFile; fileRef = 1D96867A1C91E8B100C19193 /* AppDelegate.swift */; };
		1D96867D1C91E8B100C19193 /* GameScene.sks in Resources */ = {isa = PBXBuildFile; fileRef = 1D96867C1C91E8B100C19193 /* GameScene.sks */; };
		1D96867F1C91E8B100C19193 /* GameScene.swift in Sources */ = {isa = PBXBuildFile; fileRef = 1D96867E1C91E8B100C19193 /* GameScene.swift */; };
		1D9686811C91E8B100C19193 /* GameViewController.swift in Sources */ = {isa = PBXBuildFile; fileRef = 1D9686801C91E8B100C19193 /* GameViewController.swift */; };
		1D9686841C91E8B100C19193 /* Main.storyboard in Resources */ = {isa = PBXBuildFile; fileRef = 1D9686821C91E8B100C19193 /* Main.storyboard */; };
		1D9686861C91E8B100C19193 /* Assets.xcassets in Resources */ = {isa = PBXBuildFile; fileRef = 1D9686851C91E8B100C19193 /* Assets.xcassets */; };
		1D9686891C91E8B100C19193 /* LaunchScreen.storyboard in Resources */ = {isa = PBXBuildFile; fileRef = 1D9686871C91E8B100C19193 /* LaunchScreen.storyboard */; };
		1D9686941C91E8B200C19193 /* FineHouaTests.swift in Sources */ = {isa = PBXBuildFile; fileRef = 1D9686931C91E8B200C19193 /* FineHouaTests.swift */; };
		1D96869F1C91E8B200C19193 /* FineHouaUITests.swift in Sources */ = {isa = PBXBuildFile; fileRef = 1D96869E1C91E8B200C19193 /* FineHouaUITests.swift */; };
		1D9686AD1C91FD5800C19193 /* MainSplash.sks in Resources */ = {isa = PBXBuildFile; fileRef = 1D9686AC1C91FD5800C19193 /* MainSplash.sks */; };
		1D9686AF1C91FD8F00C19193 /* MainSplash.swift in Sources */ = {isa = PBXBuildFile; fileRef = 1D9686AE1C91FD8F00C19193 /* MainSplash.swift */; };
		1D9686B11C926B6300C19193 /* ConfigScene.sks in Resources */ = {isa = PBXBuildFile; fileRef = 1D9686B01C926B6200C19193 /* ConfigScene.sks */; };
		1D9686B51C926BBA00C19193 /* ConfigScene.swift in Sources */ = {isa = PBXBuildFile; fileRef = 1D9686B41C926BBA00C19193 /* ConfigScene.swift */; };
		1D9686CF1C92891300C19193 /* Player.xcdatamodeld in Sources */ = {isa = PBXBuildFile; fileRef = 1D9686CD1C92891300C19193 /* Player.xcdatamodeld */; };
		1D9686D51C9289B900C19193 /* Player.swift in Sources */ = {isa = PBXBuildFile; fileRef = 1D9686D41C9289B900C19193 /* Player.swift */; };
		1D9686DB1C9318D100C19193 /* NewPlayerScene.sks in Resources */ = {isa = PBXBuildFile; fileRef = 1D9686DA1C9318D100C19193 /* NewPlayerScene.sks */; };
		1D9686DF1C93191200C19193 /* NewPlayerScene.swift in Sources */ = {isa = PBXBuildFile; fileRef = 1D9686DE1C93191200C19193 /* NewPlayerScene.swift */; };
		1D9686E11C9323FF00C19193 /* ScoreTableScene.swift in Sources */ = {isa = PBXBuildFile; fileRef = 1D9686E01C9323FF00C19193 /* ScoreTableScene.swift */; };
		1D9686E31C93295B00C19193 /* ScoreTableScene.sks in Resources */ = {isa = PBXBuildFile; fileRef = 1D9686E21C93295B00C19193 /* ScoreTableScene.sks */; };
		1D9686E61C936CB300C19193 /* applause.mp3 in Resources */ = {isa = PBXBuildFile; fileRef = 1D9686E51C936CB300C19193 /* applause.mp3 */; };
/* End PBXBuildFile section */

/* Begin PBXContainerItemProxy section */
		1D9686901C91E8B200C19193 /* PBXContainerItemProxy */ = {
			isa = PBXContainerItemProxy;
			containerPortal = 1D96866F1C91E8B100C19193 /* Project object */;
			proxyType = 1;
			remoteGlobalIDString = 1D9686761C91E8B100C19193;
			remoteInfo = FineHoua;
		};
		1D96869B1C91E8B200C19193 /* PBXContainerItemProxy */ = {
			isa = PBXContainerItemProxy;
			containerPortal = 1D96866F1C91E8B100C19193 /* Project object */;
			proxyType = 1;
			remoteGlobalIDString = 1D9686761C91E8B100C19193;
			remoteInfo = FineHoua;
		};
/* End PBXContainerItemProxy section */

/* Begin PBXFileReference section */
		1D9686771C91E8B100C19193 /* FineHoua.app */ = {isa = PBXFileReference; explicitFileType = wrapper.application; includeInIndex = 0; path = FineHoua.app; sourceTree = BUILT_PRODUCTS_DIR; };
		1D96867A1C91E8B100C19193 /* AppDelegate.swift */ = {isa = PBXFileReference; lastKnownFileType = sourcecode.swift; path = AppDelegate.swift; sourceTree = "<group>"; };
		1D96867C1C91E8B100C19193 /* GameScene.sks */ = {isa = PBXFileReference; lastKnownFileType = file.sks; path = GameScene.sks; sourceTree = "<group>"; };
		1D96867E1C91E8B100C19193 /* GameScene.swift */ = {isa = PBXFileReference; lastKnownFileType = sourcecode.swift; path = GameScene.swift; sourceTree = "<group>"; };
		1D9686801C91E8B100C19193 /* GameViewController.swift */ = {isa = PBXFileReference; lastKnownFileType = sourcecode.swift; path = GameViewController.swift; sourceTree = "<group>"; };
		1D9686831C91E8B100C19193 /* Base */ = {isa = PBXFileReference; lastKnownFileType = file.storyboard; name = Base; path = Base.lproj/Main.storyboard; sourceTree = "<group>"; };
		1D9686851C91E8B100C19193 /* Assets.xcassets */ = {isa = PBXFileReference; lastKnownFileType = folder.assetcatalog; path = Assets.xcassets; sourceTree = "<group>"; };
		1D9686881C91E8B100C19193 /* Base */ = {isa = PBXFileReference; lastKnownFileType = file.storyboard; name = Base; path = Base.lproj/LaunchScreen.storyboard; sourceTree = "<group>"; };
		1D96868A1C91E8B100C19193 /* Info.plist */ = {isa = PBXFileReference; lastKnownFileType = text.plist.xml; path = Info.plist; sourceTree = "<group>"; };
		1D96868F1C91E8B200C19193 /* FineHouaTests.xctest */ = {isa = PBXFileReference; explicitFileType = wrapper.cfbundle; includeInIndex = 0; path = FineHouaTests.xctest; sourceTree = BUILT_PRODUCTS_DIR; };
		1D9686931C91E8B200C19193 /* FineHouaTests.swift */ = {isa = PBXFileReference; lastKnownFileType = sourcecode.swift; path = FineHouaTests.swift; sourceTree = "<group>"; };
		1D9686951C91E8B200C19193 /* Info.plist */ = {isa = PBXFileReference; lastKnownFileType = text.plist.xml; path = Info.plist; sourceTree = "<group>"; };
		1D96869A1C91E8B200C19193 /* FineHouaUITests.xctest */ = {isa = PBXFileReference; explicitFileType = wrapper.cfbundle; includeInIndex = 0; path = FineHouaUITests.xctest; sourceTree = BUILT_PRODUCTS_DIR; };
		1D96869E1C91E8B200C19193 /* FineHouaUITests.swift */ = {isa = PBXFileReference; lastKnownFileType = sourcecode.swift; path = FineHouaUITests.swift; sourceTree = "<group>"; };
		1D9686A01C91E8B200C19193 /* Info.plist */ = {isa = PBXFileReference; lastKnownFileType = text.plist.xml; path = Info.plist; sourceTree = "<group>"; };
		1D9686AC1C91FD5800C19193 /* MainSplash.sks */ = {isa = PBXFileReference; lastKnownFileType = file.sks; path = MainSplash.sks; sourceTree = "<group>"; };
		1D9686AE1C91FD8F00C19193 /* MainSplash.swift */ = {isa = PBXFileReference; fileEncoding = 4; lastKnownFileType = sourcecode.swift; path = MainSplash.swift; sourceTree = "<group>"; };
		1D9686B01C926B6200C19193 /* ConfigScene.sks */ = {isa = PBXFileReference; lastKnownFileType = file.sks; path = ConfigScene.sks; sourceTree = "<group>"; };
		1D9686B41C926BBA00C19193 /* ConfigScene.swift */ = {isa = PBXFileReference; fileEncoding = 4; lastKnownFileType = sourcecode.swift; path = ConfigScene.swift; sourceTree = "<group>"; };
		1D9686CE1C92891300C19193 /* Player.xcdatamodel */ = {isa = PBXFileReference; lastKnownFileType = wrapper.xcdatamodel; path = Player.xcdatamodel; sourceTree = "<group>"; };
		1D9686D41C9289B900C19193 /* Player.swift */ = {isa = PBXFileReference; fileEncoding = 4; lastKnownFileType = sourcecode.swift; path = Player.swift; sourceTree = "<group>"; };
		1D9686DA1C9318D100C19193 /* NewPlayerScene.sks */ = {isa = PBXFileReference; lastKnownFileType = file.sks; path = NewPlayerScene.sks; sourceTree = "<group>"; };
		1D9686DE1C93191200C19193 /* NewPlayerScene.swift */ = {isa = PBXFileReference; fileEncoding = 4; lastKnownFileType = sourcecode.swift; path = NewPlayerScene.swift; sourceTree = "<group>"; };
		1D9686E01C9323FF00C19193 /* ScoreTableScene.swift */ = {isa = PBXFileReference; fileEncoding = 4; lastKnownFileType = sourcecode.swift; path = ScoreTableScene.swift; sourceTree = "<group>"; };
		1D9686E21C93295B00C19193 /* ScoreTableScene.sks */ = {isa = PBXFileReference; lastKnownFileType = file.sks; path = ScoreTableScene.sks; sourceTree = "<group>"; };
		1D9686E51C936CB300C19193 /* applause.mp3 */ = {isa = PBXFileReference; lastKnownFileType = audio.mp3; path = applause.mp3; sourceTree = "<group>"; };
/* End PBXFileReference section */

/* Begin PBXFrameworksBuildPhase section */
		1D9686741C91E8B100C19193 /* Frameworks */ = {
			isa = PBXFrameworksBuildPhase;
			buildActionMask = 2147483647;
			files = (
			);
			runOnlyForDeploymentPostprocessing = 0;
		};
		1D96868C1C91E8B200C19193 /* Frameworks */ = {
			isa = PBXFrameworksBuildPhase;
			buildActionMask = 2147483647;
			files = (
			);
			runOnlyForDeploymentPostprocessing = 0;
		};
		1D9686971C91E8B200C19193 /* Frameworks */ = {
			isa = PBXFrameworksBuildPhase;
			buildActionMask = 2147483647;
			files = (
			);
			runOnlyForDeploymentPostprocessing = 0;
		};
/* End PBXFrameworksBuildPhase section */

/* Begin PBXGroup section */
		1D96866E1C91E8B100C19193 = {
			isa = PBXGroup;
			children = (
				1D9686CD1C92891300C19193 /* Player.xcdatamodeld */,
				1D9686791C91E8B100C19193 /* FineHoua */,
				1D9686921C91E8B200C19193 /* FineHouaTests */,
				1D96869D1C91E8B200C19193 /* FineHouaUITests */,
				1D9686781C91E8B100C19193 /* Products */,
			);
			sourceTree = "<group>";
		};
		1D9686781C91E8B100C19193 /* Products */ = {
			isa = PBXGroup;
			children = (
				1D9686771C91E8B100C19193 /* FineHoua.app */,
				1D96868F1C91E8B200C19193 /* FineHouaTests.xctest */,
				1D96869A1C91E8B200C19193 /* FineHouaUITests.xctest */,
			);
			name = Products;
			sourceTree = "<group>";
		};
		1D9686791C91E8B100C19193 /* FineHoua */ = {
			isa = PBXGroup;
			children = (
				1D9686E41C936CA000C19193 /* Sounds */,
				1D9686B71C926C0B00C19193 /* Code */,
				1D9686B61C926BFB00C19193 /* Scenes */,
				1D96867A1C91E8B100C19193 /* AppDelegate.swift */,
				1D9686801C91E8B100C19193 /* GameViewController.swift */,
				1D9686821C91E8B100C19193 /* Main.storyboard */,
				1D9686851C91E8B100C19193 /* Assets.xcassets */,
				1D9686871C91E8B100C19193 /* LaunchScreen.storyboard */,
				1D96868A1C91E8B100C19193 /* Info.plist */,
			);
			path = FineHoua;
			sourceTree = "<group>";
		};
		1D9686921C91E8B200C19193 /* FineHouaTests */ = {
			isa = PBXGroup;
			children = (
				1D9686931C91E8B200C19193 /* FineHouaTests.swift */,
				1D9686951C91E8B200C19193 /* Info.plist */,
			);
			path = FineHouaTests;
			sourceTree = "<group>";
		};
		1D96869D1C91E8B200C19193 /* FineHouaUITests */ = {
			isa = PBXGroup;
			children = (
				1D96869E1C91E8B200C19193 /* FineHouaUITests.swift */,
				1D9686A01C91E8B200C19193 /* Info.plist */,
			);
			path = FineHouaUITests;
			sourceTree = "<group>";
		};
		1D9686B61C926BFB00C19193 /* Scenes */ = {
			isa = PBXGroup;
			children = (
				1D9686AC1C91FD5800C19193 /* MainSplash.sks */,
				1D9686B01C926B6200C19193 /* ConfigScene.sks */,
				1D96867C1C91E8B100C19193 /* GameScene.sks */,
				1D9686DA1C9318D100C19193 /* NewPlayerScene.sks */,
				1D9686E21C93295B00C19193 /* ScoreTableScene.sks */,
			);
			name = Scenes;
			sourceTree = "<group>";
		};
		1D9686B71C926C0B00C19193 /* Code */ = {
			isa = PBXGroup;
			children = (
				1D9686AE1C91FD8F00C19193 /* MainSplash.swift */,
				1D9686B41C926BBA00C19193 /* ConfigScene.swift */,
				1D96867E1C91E8B100C19193 /* GameScene.swift */,
				1D9686DE1C93191200C19193 /* NewPlayerScene.swift */,
				1D9686E01C9323FF00C19193 /* ScoreTableScene.swift */,
				1D9686D41C9289B900C19193 /* Player.swift */,
			);
			name = Code;
			sourceTree = "<group>";
		};
		1D9686E41C936CA000C19193 /* Sounds */ = {
			isa = PBXGroup;
			children = (
				1D9686E51C936CB300C19193 /* applause.mp3 */,
			);
			name = Sounds;
			sourceTree = "<group>";
		};
/* End PBXGroup section */

/* Begin PBXNativeTarget section */
		1D9686761C91E8B100C19193 /* FineHoua */ = {
			isa = PBXNativeTarget;
			buildConfigurationList = 1D9686A31C91E8B200C19193 /* Build configuration list for PBXNativeTarget "FineHoua" */;
			buildPhases = (
				1D9686731C91E8B100C19193 /* Sources */,
				1D9686741C91E8B100C19193 /* Frameworks */,
				1D9686751C91E8B100C19193 /* Resources */,
			);
			buildRules = (
			);
			dependencies = (
			);
			name = FineHoua;
			productName = FineHoua;
			productReference = 1D9686771C91E8B100C19193 /* FineHoua.app */;
			productType = "com.apple.product-type.application";
		};
		1D96868E1C91E8B200C19193 /* FineHouaTests */ = {
			isa = PBXNativeTarget;
			buildConfigurationList = 1D9686A61C91E8B200C19193 /* Build configuration list for PBXNativeTarget "FineHouaTests" */;
			buildPhases = (
				1D96868B1C91E8B200C19193 /* Sources */,
				1D96868C1C91E8B200C19193 /* Frameworks */,
				1D96868D1C91E8B200C19193 /* Resources */,
			);
			buildRules = (
			);
			dependencies = (
				1D9686911C91E8B200C19193 /* PBXTargetDependency */,
			);
			name = FineHouaTests;
			productName = FineHouaTests;
			productReference = 1D96868F1C91E8B200C19193 /* FineHouaTests.xctest */;
			productType = "com.apple.product-type.bundle.unit-test";
		};
		1D9686991C91E8B200C19193 /* FineHouaUITests */ = {
			isa = PBXNativeTarget;
			buildConfigurationList = 1D9686A91C91E8B200C19193 /* Build configuration list for PBXNativeTarget "FineHouaUITests" */;
			buildPhases = (
				1D9686961C91E8B200C19193 /* Sources */,
				1D9686971C91E8B200C19193 /* Frameworks */,
				1D9686981C91E8B200C19193 /* Resources */,
			);
			buildRules = (
			);
			dependencies = (
				1D96869C1C91E8B200C19193 /* PBXTargetDependency */,
			);
			name = FineHouaUITests;
			productName = FineHouaUITests;
			productReference = 1D96869A1C91E8B200C19193 /* FineHouaUITests.xctest */;
			productType = "com.apple.product-type.bundle.ui-testing";
		};
/* End PBXNativeTarget section */

/* Begin PBXProject section */
		1D96866F1C91E8B100C19193 /* Project object */ = {
			isa = PBXProject;
			attributes = {
				LastSwiftUpdateCheck = 0720;
				LastUpgradeCheck = 0720;
				ORGANIZATIONNAME = "Zakaria Boualaid";
				TargetAttributes = {
					1D9686761C91E8B100C19193 = {
						CreatedOnToolsVersion = 7.2;
						DevelopmentTeam = BBRFZP78PB;
					};
					1D96868E1C91E8B200C19193 = {
						CreatedOnToolsVersion = 7.2;
						DevelopmentTeam = BBRFZP78PB;
						TestTargetID = 1D9686761C91E8B100C19193;
					};
					1D9686991C91E8B200C19193 = {
						CreatedOnToolsVersion = 7.2;
						DevelopmentTeam = BBRFZP78PB;
						TestTargetID = 1D9686761C91E8B100C19193;
					};
				};
			};
			buildConfigurationList = 1D9686721C91E8B100C19193 /* Build configuration list for PBXProject "FineHoua" */;
			compatibilityVersion = "Xcode 3.2";
			developmentRegion = English;
			hasScannedForEncodings = 0;
			knownRegions = (
				en,
				Base,
			);
			mainGroup = 1D96866E1C91E8B100C19193;
			productRefGroup = 1D9686781C91E8B100C19193 /* Products */;
			projectDirPath = "";
			projectRoot = "";
			targets = (
				1D9686761C91E8B100C19193 /* FineHoua */,
				1D96868E1C91E8B200C19193 /* FineHouaTests */,
				1D9686991C91E8B200C19193 /* FineHouaUITests */,
			);
		};
/* End PBXProject section */

/* Begin PBXResourcesBuildPhase section */
		1D9686751C91E8B100C19193 /* Resources */ = {
			isa = PBXResourcesBuildPhase;
			buildActionMask = 2147483647;
			files = (
				1D9686DB1C9318D100C19193 /* NewPlayerScene.sks in Resources */,
				1D96867D1C91E8B100C19193 /* GameScene.sks in Resources */,
				1D9686891C91E8B100C19193 /* LaunchScreen.storyboard in Resources */,
				1D9686E61C936CB300C19193 /* applause.mp3 in Resources */,
				1D9686861C91E8B100C19193 /* Assets.xcassets in Resources */,
				1D9686E31C93295B00C19193 /* ScoreTableScene.sks in Resources */,
				1D9686AD1C91FD5800C19193 /* MainSplash.sks in Resources */,
				1D9686B11C926B6300C19193 /* ConfigScene.sks in Resources */,
				1D9686841C91E8B100C19193 /* Main.storyboard in Resources */,
			);
			runOnlyForDeploymentPostprocessing = 0;
		};
		1D96868D1C91E8B200C19193 /* Resources */ = {
			isa = PBXResourcesBuildPhase;
			buildActionMask = 2147483647;
			files = (
			);
			runOnlyForDeploymentPostprocessing = 0;
		};
		1D9686981C91E8B200C19193 /* Resources */ = {
			isa = PBXResourcesBuildPhase;
			buildActionMask = 2147483647;
			files = (
			);
			runOnlyForDeploymentPostprocessing = 0;
		};
/* End PBXResourcesBuildPhase section */

/* Begin PBXSourcesBuildPhase section */
		1D9686731C91E8B100C19193 /* Sources */ = {
			isa = PBXSourcesBuildPhase;
			buildActionMask = 2147483647;
			files = (
				1D96867F1C91E8B100C19193 /* GameScene.swift in Sources */,
				1D9686DF1C93191200C19193 /* NewPlayerScene.swift in Sources */,
				1D9686E11C9323FF00C19193 /* ScoreTableScene.swift in Sources */,
				1D9686811C91E8B100C19193 /* GameViewController.swift in Sources */,
				1D9686CF1C92891300C19193 /* Player.xcdatamodeld in Sources */,
				1D96867B1C91E8B100C19193 /* AppDelegate.swift in Sources */,
				1D9686D51C9289B900C19193 /* Player.swift in Sources */,
				1D9686AF1C91FD8F00C19193 /* MainSplash.swift in Sources */,
				1D9686B51C926BBA00C19193 /* ConfigScene.swift in Sources */,
			);
			runOnlyForDeploymentPostprocessing = 0;
		};
		1D96868B1C91E8B200C19193 /* Sources */ = {
			isa = PBXSourcesBuildPhase;
			buildActionMask = 2147483647;
			files = (
				1D9686941C91E8B200C19193 /* FineHouaTests.swift in Sources */,
			);
			runOnlyForDeploymentPostprocessing = 0;
		};
		1D9686961C91E8B200C19193 /* Sources */ = {
			isa = PBXSourcesBuildPhase;
			buildActionMask = 2147483647;
			files = (
				1D96869F1C91E8B200C19193 /* FineHouaUITests.swift in Sources */,
			);
			runOnlyForDeploymentPostprocessing = 0;
		};
/* End PBXSourcesBuildPhase section */

/* Begin PBXTargetDependency section */
		1D9686911C91E8B200C19193 /* PBXTargetDependency */ = {
			isa = PBXTargetDependency;
			target = 1D9686761C91E8B100C19193 /* FineHoua */;
			targetProxy = 1D9686901C91E8B200C19193 /* PBXContainerItemProxy */;
		};
		1D96869C1C91E8B200C19193 /* PBXTargetDependency */ = {
			isa = PBXTargetDependency;
			target = 1D9686761C91E8B100C19193 /* FineHoua */;
			targetProxy = 1D96869B1C91E8B200C19193 /* PBXContainerItemProxy */;
		};
/* End PBXTargetDependency section */

/* Begin PBXVariantGroup section */
		1D9686821C91E8B100C19193 /* Main.storyboard */ = {
			isa = PBXVariantGroup;
			children = (
				1D9686831C91E8B100C19193 /* Base */,
			);
			name = Main.storyboard;
			sourceTree = "<group>";
		};
		1D9686871C91E8B100C19193 /* LaunchScreen.storyboard */ = {
			isa = PBXVariantGroup;
			children = (
				1D9686881C91E8B100C19193 /* Base */,
			);
			name = LaunchScreen.storyboard;
			sourceTree = "<group>";
		};
/* End PBXVariantGroup section */

/* Begin XCBuildConfiguration section */
		1D9686A11C91E8B200C19193 /* Debug */ = {
			isa = XCBuildConfiguration;
			buildSettings = {
				ALWAYS_SEARCH_USER_PATHS = NO;
				CLANG_CXX_LANGUAGE_STANDARD = "gnu++0x";
				CLANG_CXX_LIBRARY = "libc++";
				CLANG_ENABLE_MODULES = YES;
				CLANG_ENABLE_OBJC_ARC = YES;
				CLANG_WARN_BOOL_CONVERSION = YES;
				CLANG_WARN_CONSTANT_CONVERSION = YES;
				CLANG_WARN_DIRECT_OBJC_ISA_USAGE = YES_ERROR;
				CLANG_WARN_EMPTY_BODY = YES;
				CLANG_WARN_ENUM_CONVERSION = YES;
				CLANG_WARN_INT_CONVERSION = YES;
				CLANG_WARN_OBJC_ROOT_CLASS = YES_ERROR;
				CLANG_WARN_UNREACHABLE_CODE = YES;
				CLANG_WARN__DUPLICATE_METHOD_MATCH = YES;
				"CODE_SIGN_IDENTITY[sdk=iphoneos*]" = "iPhone Developer";
				COPY_PHASE_STRIP = NO;
				DEBUG_INFORMATION_FORMAT = "dwarf-with-dsym";
				ENABLE_STRICT_OBJC_MSGSEND = YES;
				ENABLE_TESTABILITY = YES;
				GCC_C_LANGUAGE_STANDARD = gnu99;
				GCC_DYNAMIC_NO_PIC = NO;
				GCC_NO_COMMON_BLOCKS = YES;
				GCC_OPTIMIZATION_LEVEL = 0;
				GCC_PREPROCESSOR_DEFINITIONS = (
					"DEBUG=1",
					"$(inherited)",
				);
				GCC_WARN_64_TO_32_BIT_CONVERSION = YES;
				GCC_WARN_ABOUT_RETURN_TYPE = YES_ERROR;
				GCC_WARN_UNDECLARED_SELECTOR = YES;
				GCC_WARN_UNINITIALIZED_AUTOS = YES_AGGRESSIVE;
				GCC_WARN_UNUSED_FUNCTION = YES;
				GCC_WARN_UNUSED_VARIABLE = YES;
				IPHONEOS_DEPLOYMENT_TARGET = 9.2;
				MTL_ENABLE_DEBUG_INFO = YES;
				ONLY_ACTIVE_ARCH = YES;
				SDKROOT = iphoneos;
				SWIFT_OPTIMIZATION_LEVEL = "-Onone";
				TARGETED_DEVICE_FAMILY = 2;
			};
			name = Debug;
		};
		1D9686A21C91E8B200C19193 /* Release */ = {
			isa = XCBuildConfiguration;
			buildSettings = {
				ALWAYS_SEARCH_USER_PATHS = NO;
				CLANG_CXX_LANGUAGE_STANDARD = "gnu++0x";
				CLANG_CXX_LIBRARY = "libc++";
				CLANG_ENABLE_MODULES = YES;
				CLANG_ENABLE_OBJC_ARC = YES;
				CLANG_WARN_BOOL_CONVERSION = YES;
				CLANG_WARN_CONSTANT_CONVERSION = YES;
				CLANG_WARN_DIRECT_OBJC_ISA_USAGE = YES_ERROR;
				CLANG_WARN_EMPTY_BODY = YES;
				CLANG_WARN_ENUM_CONVERSION = YES;
				CLANG_WARN_INT_CONVERSION = YES;
				CLANG_WARN_OBJC_ROOT_CLASS = YES_ERROR;
				CLANG_WARN_UNREACHABLE_CODE = YES;
				CLANG_WARN__DUPLICATE_METHOD_MATCH = YES;
				"CODE_SIGN_IDENTITY[sdk=iphoneos*]" = "iPhone Developer";
				COPY_PHASE_STRIP = NO;
				DEBUG_INFORMATION_FORMAT = "dwarf-with-dsym";
				ENABLE_NS_ASSERTIONS = NO;
				ENABLE_STRICT_OBJC_MSGSEND = YES;
				GCC_C_LANGUAGE_STANDARD = gnu99;
				GCC_NO_COMMON_BLOCKS = YES;
				GCC_WARN_64_TO_32_BIT_CONVERSION = YES;
				GCC_WARN_ABOUT_RETURN_TYPE = YES_ERROR;
				GCC_WARN_UNDECLARED_SELECTOR = YES;
				GCC_WARN_UNINITIALIZED_AUTOS = YES_AGGRESSIVE;
				GCC_WARN_UNUSED_FUNCTION = YES;
				GCC_WARN_UNUSED_VARIABLE = YES;
				IPHONEOS_DEPLOYMENT_TARGET = 9.2;
				MTL_ENABLE_DEBUG_INFO = NO;
				SDKROOT = iphoneos;
				TARGETED_DEVICE_FAMILY = 2;
				VALIDATE_PRODUCT = YES;
			};
			name = Release;
		};
		1D9686A41C91E8B200C19193 /* Debug */ = {
			isa = XCBuildConfiguration;
			buildSettings = {
				ASSETCATALOG_COMPILER_APPICON_NAME = AppIcon;
				INFOPLIST_FILE = FineHoua/Info.plist;
				LD_RUNPATH_SEARCH_PATHS = "$(inherited) @executable_path/Frameworks";
				PRODUCT_BUNDLE_IDENTIFIER = xlab.FineHoua;
				PRODUCT_NAME = "$(TARGET_NAME)";
				TARGETED_DEVICE_FAMILY = "1,2";
			};
			name = Debug;
		};
		1D9686A51C91E8B200C19193 /* Release */ = {
			isa = XCBuildConfiguration;
			buildSettings = {
				ASSETCATALOG_COMPILER_APPICON_NAME = AppIcon;
				INFOPLIST_FILE = FineHoua/Info.plist;
				LD_RUNPATH_SEARCH_PATHS = "$(inherited) @executable_path/Frameworks";
				PRODUCT_BUNDLE_IDENTIFIER = xlab.FineHoua;
				PRODUCT_NAME = "$(TARGET_NAME)";
				TARGETED_DEVICE_FAMILY = "1,2";
			};
			name = Release;
		};
		1D9686A71C91E8B200C19193 /* Debug */ = {
			isa = XCBuildConfiguration;
			buildSettings = {
				BUNDLE_LOADER = "$(TEST_HOST)";
				DEBUG_INFORMATION_FORMAT = dwarf;
				INFOPLIST_FILE = FineHouaTests/Info.plist;
				LD_RUNPATH_SEARCH_PATHS = "$(inherited) @executable_path/Frameworks @loader_path/Frameworks";
				PRODUCT_BUNDLE_IDENTIFIER = xlab.FineHouaTests;
				PRODUCT_NAME = "$(TARGET_NAME)";
				TEST_HOST = "$(BUILT_PRODUCTS_DIR)/FineHoua.app/FineHoua";
			};
			name = Debug;
		};
		1D9686A81C91E8B200C19193 /* Release */ = {
			isa = XCBuildConfiguration;
			buildSettings = {
				BUNDLE_LOADER = "$(TEST_HOST)";
				INFOPLIST_FILE = FineHouaTests/Info.plist;
				LD_RUNPATH_SEARCH_PATHS = "$(inherited) @executable_path/Frameworks @loader_path/Frameworks";
				PRODUCT_BUNDLE_IDENTIFIER = xlab.FineHouaTests;
				PRODUCT_NAME = "$(TARGET_NAME)";
				TEST_HOST = "$(BUILT_PRODUCTS_DIR)/FineHoua.app/FineHoua";
			};
			name = Release;
		};
		1D9686AA1C91E8B200C19193 /* Debug */ = {
			isa = XCBuildConfiguration;
			buildSettings = {
				DEBUG_INFORMATION_FORMAT = dwarf;
				INFOPLIST_FILE = FineHouaUITests/Info.plist;
				LD_RUNPATH_SEARCH_PATHS = "$(inherited) @executable_path/Frameworks @loader_path/Frameworks";
				PRODUCT_BUNDLE_IDENTIFIER = xlab.FineHouaUITests;
				PRODUCT_NAME = "$(TARGET_NAME)";
				TEST_TARGET_NAME = FineHoua;
				USES_XCTRUNNER = YES;
			};
			name = Debug;
		};
		1D9686AB1C91E8B200C19193 /* Release */ = {
			isa = XCBuildConfiguration;
			buildSettings = {
				INFOPLIST_FILE = FineHouaUITests/Info.plist;
				LD_RUNPATH_SEARCH_PATHS = "$(inherited) @executable_path/Frameworks @loader_path/Frameworks";
				PRODUCT_BUNDLE_IDENTIFIER = xlab.FineHouaUITests;
				PRODUCT_NAME = "$(TARGET_NAME)";
				TEST_TARGET_NAME = FineHoua;
				USES_XCTRUNNER = YES;
			};
			name = Release;
		};
/* End XCBuildConfiguration section */

/* Begin XCConfigurationList section */
		1D9686721C91E8B100C19193 /* Build configuration list for PBXProject "FineHoua" */ = {
			isa = XCConfigurationList;
			buildConfigurations = (
				1D9686A11C91E8B200C19193 /* Debug */,
				1D9686A21C91E8B200C19193 /* Release */,
			);
			defaultConfigurationIsVisible = 0;
			defaultConfigurationName = Release;
		};
		1D9686A31C91E8B200C19193 /* Build configuration list for PBXNativeTarget "FineHoua" */ = {
			isa = XCConfigurationList;
			buildConfigurations = (
				1D9686A41C91E8B200C19193 /* Debug */,
				1D9686A51C91E8B200C19193 /* Release */,
			);
			defaultConfigurationIsVisible = 0;
			defaultConfigurationName = Release;
		};
		1D9686A61C91E8B200C19193 /* Build configuration list for PBXNativeTarget "FineHouaTests" */ = {
			isa = XCConfigurationList;
			buildConfigurations = (
				1D9686A71C91E8B200C19193 /* Debug */,
				1D9686A81C91E8B200C19193 /* Release */,
			);
			defaultConfigurationIsVisible = 0;
			defaultConfigurationName = Release;
		};
		1D9686A91C91E8B200C19193 /* Build configuration list for PBXNativeTarget "FineHouaUITests" */ = {
			isa = XCConfigurationList;
			buildConfigurations = (
				1D9686AA1C91E8B200C19193 /* Debug */,
				1D9686AB1C91E8B200C19193 /* Release */,
			);
			defaultConfigurationIsVisible = 0;
			defaultConfigurationName = Release;
		};
/* End XCConfigurationList section */

/* Begin XCVersionGroup section */
		1D9686CD1C92891300C19193 /* Player.xcdatamodeld */ = {
			isa = XCVersionGroup;
			children = (
				1D9686CE1C92891300C19193 /* Player.xcdatamodel */,
			);
			currentVersion = 1D9686CE1C92891300C19193 /* Player.xcdatamodel */;
			path = Player.xcdatamodeld;
			sourceTree = "<group>";
			versionGroupType = wrapper.xcdatamodel;
		};
/* End XCVersionGroup section */
	};
	rootObject = 1D96866F1C91E8B100C19193 /* Project object */;
}
